{
  "version": 4,
  "terraform_version": "0.13.5",
  "serial": 11,
  "lineage": "24f7aebf-8acd-8104-a5be-78942228050f",
  "outputs": {
    "egress": {
      "value": [
        {
          "cidr_blocks": [
            "0.0.0.0/0"
          ],
          "description": "",
          "from_port": 0,
          "ipv6_cidr_blocks": [],
          "prefix_list_ids": [],
          "protocol": "-1",
          "security_groups": [],
          "self": false,
          "to_port": 0
        }
      ],
      "type": [
        "set",
        [
          "object",
          {
            "cidr_blocks": [
              "list",
              "string"
            ],
            "description": "string",
            "from_port": "number",
            "ipv6_cidr_blocks": [
              "list",
              "string"
            ],
            "prefix_list_ids": [
              "list",
              "string"
            ],
            "protocol": "string",
            "security_groups": [
              "set",
              "string"
            ],
            "self": "bool",
            "to_port": "number"
          }
        ]
      ]
    },
    "ingress": {
      "value": [
        {
          "cidr_blocks": [
            "0.0.0.0/0"
          ],
          "description": "http port",
          "from_port": 80,
          "ipv6_cidr_blocks": [],
          "prefix_list_ids": [],
          "protocol": "tcp",
          "security_groups": [],
          "self": false,
          "to_port": 80
        },
        {
          "cidr_blocks": [
            "0.0.0.0/0"
          ],
          "description": "ssh port",
          "from_port": 22,
          "ipv6_cidr_blocks": [],
          "prefix_list_ids": [],
          "protocol": "tcp",
          "security_groups": [],
          "self": false,
          "to_port": 22
        }
      ],
      "type": [
        "set",
        [
          "object",
          {
            "cidr_blocks": [
              "list",
              "string"
            ],
            "description": "string",
            "from_port": "number",
            "ipv6_cidr_blocks": [
              "list",
              "string"
            ],
            "prefix_list_ids": [
              "list",
              "string"
            ],
            "protocol": "string",
            "security_groups": [
              "set",
              "string"
            ],
            "self": "bool",
            "to_port": "number"
          }
        ]
      ]
    },
    "public_ip": {
      "value": "54.87.235.58",
      "type": "string"
    }
  },
  "resources": [
    {
      "mode": "managed",
      "type": "aws_instance",
      "name": "my_ec2",
      "provider": "provider[\"registry.terraform.io/hashicorp/aws\"]",
      "instances": [
        {
          "schema_version": 1,
          "attributes": {
            "ami": "ami-0be2609ba883822ec",
            "arn": "arn:aws:ec2:us-east-1:877061436404:instance/i-038f7d14e6c5b79b6",
            "associate_public_ip_address": true,
            "availability_zone": "us-east-1e",
            "cpu_core_count": 1,
            "cpu_threads_per_core": 1,
            "credit_specification": [
              {
                "cpu_credits": "standard"
              }
            ],
            "disable_api_termination": false,
            "ebs_block_device": [],
            "ebs_optimized": false,
            "enclave_options": [
              {
                "enabled": false
              }
            ],
            "ephemeral_block_device": [],
            "get_password_data": false,
            "hibernation": false,
            "host_id": null,
            "iam_instance_profile": "",
            "id": "i-038f7d14e6c5b79b6",
            "instance_initiated_shutdown_behavior": null,
            "instance_state": "running",
            "instance_type": "t2.micro",
            "ipv6_address_count": 0,
            "ipv6_addresses": [],
            "key_name": "my-ec2-key",
            "metadata_options": [
              {
                "http_endpoint": "enabled",
                "http_put_response_hop_limit": 1,
                "http_tokens": "optional"
              }
            ],
            "monitoring": false,
            "network_interface": [],
            "outpost_arn": "",
            "password_data": "",
            "placement_group": "",
            "primary_network_interface_id": "eni-0abe7ab38b0616973",
            "private_dns": "ip-172-31-52-217.ec2.internal",
            "private_ip": "172.31.52.217",
            "public_dns": "ec2-54-87-235-58.compute-1.amazonaws.com",
            "public_ip": "54.87.235.58",
            "root_block_device": [
              {
                "delete_on_termination": true,
                "device_name": "/dev/xvda",
                "encrypted": false,
                "iops": 100,
                "kms_key_id": "",
                "tags": {},
                "throughput": 0,
                "volume_id": "vol-00700a5992122406a",
                "volume_size": 8,
                "volume_type": "gp2"
              }
            ],
            "secondary_private_ips": [],
            "security_groups": [
              "ec2-sg"
            ],
            "source_dest_check": true,
            "subnet_id": "subnet-06c87ba4e6363caef",
            "tags": {
              "Environment": "Dev",
              "Name": "Machine For Key Pair"
            },
            "tenancy": "default",
            "timeouts": null,
            "user_data": null,
            "user_data_base64": null,
            "volume_tags": null,
            "vpc_security_group_ids": [
              "sg-0517da44991887475",
              "sg-0e91b325faeea0cb1"
            ]
          },
          "private": "eyJlMmJmYjczMC1lY2FhLTExZTYtOGY4OC0zNDM2M2JjN2M0YzAiOnsiY3JlYXRlIjo2MDAwMDAwMDAwMDAsImRlbGV0ZSI6MTIwMDAwMDAwMDAwMCwidXBkYXRlIjo2MDAwMDAwMDAwMDB9LCJzY2hlbWFfdmVyc2lvbiI6IjEifQ==",
          "dependencies": [
            "aws_key_pair.my_key",
            "aws_security_group.sg-1",
            "aws_security_group.sg-2"
          ]
        }
      ]
    },
    {
      "mode": "managed",
      "type": "aws_key_pair",
      "name": "my_key",
      "provider": "provider[\"registry.terraform.io/hashicorp/aws\"]",
      "instances": [
        {
          "schema_version": 1,
          "attributes": {
            "arn": "arn:aws:ec2:us-east-1:877061436404:key-pair/my-ec2-key",
            "fingerprint": "01:4d:f5:a9:c3:64:32:79:75:29:94:78:65:29:92:60",
            "id": "my-ec2-key",
            "key_name": "my-ec2-key",
            "key_name_prefix": null,
            "key_pair_id": "key-0d08326a9181dc226",
            "public_key": "ssh-rsa AAAAB3NzaC1yc2EAAAADAQABAAABAQDS/TjqQERZnFnLLYoLZlnY3G3Syv/ipqI+TlvRPi+T3VLD0biLALTosaEY9FkahvV42nU3okn4hW3kVak2Bn7/3W8ZMIl2iSVmh0rdO6AIgLdO38RMPJryUVSE2xZvgA7jnSRfmPMsiOUPKcGKmd/H6B0POEcJw+5HnbrmMLMWigqelrpKLW0Nigy7ZakvFFW/kEbzQHtoQoyAPxyMrR3jiih+JZZS3tV9fA3unPsZEuv5OUV9S+QWenjjhAOacdmvHYI0uW5K4an1kqho/Da85WKVcgxtfZyYWLSh1ua+QvoM4gYjvD3YiS375ANXwv0QtxosVq36UeAyZt+udZIj salman@DESKTOP-RBA569P",
            "tags": {}
          },
          "private": "eyJzY2hlbWFfdmVyc2lvbiI6IjEifQ=="
        }
      ]
    },
    {
      "mode": "managed",
      "type": "aws_security_group",
      "name": "sg-1",
      "provider": "provider[\"registry.terraform.io/hashicorp/aws\"]",
      "instances": [
        {
          "schema_version": 1,
          "attributes": {
            "arn": "arn:aws:ec2:us-east-1:877061436404:security-group/sg-0e91b325faeea0cb1",
            "description": "for ec2 machine",
            "egress": [
              {
                "cidr_blocks": [
                  "0.0.0.0/0"
                ],
                "description": "",
                "from_port": 0,
                "ipv6_cidr_blocks": [],
                "prefix_list_ids": [],
                "protocol": "-1",
                "security_groups": [],
                "self": false,
                "to_port": 0
              }
            ],
            "id": "sg-0e91b325faeea0cb1",
            "ingress": [
              {
                "cidr_blocks": [
                  "0.0.0.0/0"
                ],
                "description": "http port",
                "from_port": 80,
                "ipv6_cidr_blocks": [],
                "prefix_list_ids": [],
                "protocol": "tcp",
                "security_groups": [],
                "self": false,
                "to_port": 80
              },
              {
                "cidr_blocks": [
                  "0.0.0.0/0"
                ],
                "description": "ssh port",
                "from_port": 22,
                "ipv6_cidr_blocks": [],
                "prefix_list_ids": [],
                "protocol": "tcp",
                "security_groups": [],
                "self": false,
                "to_port": 22
              }
            ],
            "name": "ec2-sg",
            "name_prefix": "",
            "owner_id": "877061436404",
            "revoke_rules_on_delete": false,
            "tags": {},
            "timeouts": null,
            "vpc_id": "vpc-0f25561519dd305b2"
          },
          "private": "eyJlMmJmYjczMC1lY2FhLTExZTYtOGY4OC0zNDM2M2JjN2M0YzAiOnsiY3JlYXRlIjo2MDAwMDAwMDAwMDAsImRlbGV0ZSI6NjAwMDAwMDAwMDAwfSwic2NoZW1hX3ZlcnNpb24iOiIxIn0="
        }
      ]
    },
    {
      "mode": "managed",
      "type": "aws_security_group",
      "name": "sg-2",
      "provider": "provider[\"registry.terraform.io/hashicorp/aws\"]",
      "instances": [
        {
          "schema_version": 1,
          "attributes": {
            "arn": "arn:aws:ec2:us-east-1:877061436404:security-group/sg-0517da44991887475",
            "description": "for ec2 machine",
            "egress": [
              {
                "cidr_blocks": [
                  "0.0.0.0/0"
                ],
                "description": "",
                "from_port": 0,
                "ipv6_cidr_blocks": [],
                "prefix_list_ids": [],
                "protocol": "-1",
                "security_groups": [],
                "self": false,
                "to_port": 0
              }
            ],
            "id": "sg-0517da44991887475",
            "ingress": [
              {
                "cidr_blocks": [
                  "0.0.0.0/0"
                ],
                "description": "http port",
                "from_port": 80,
                "ipv6_cidr_blocks": [],
                "prefix_list_ids": [],
                "protocol": "tcp",
                "security_groups": [],
                "self": false,
                "to_port": 80
              },
              {
                "cidr_blocks": [
                  "0.0.0.0/0"
                ],
                "description": "ssh port",
                "from_port": 22,
                "ipv6_cidr_blocks": [],
                "prefix_list_ids": [],
                "protocol": "tcp",
                "security_groups": [],
                "self": false,
                "to_port": 22
              }
            ],
            "name": "ec2-sg2",
            "name_prefix": "",
            "owner_id": "877061436404",
            "revoke_rules_on_delete": false,
            "tags": null,
            "timeouts": null,
            "vpc_id": "vpc-0f25561519dd305b2"
          },
          "private": "eyJlMmJmYjczMC1lY2FhLTExZTYtOGY4OC0zNDM2M2JjN2M0YzAiOnsiY3JlYXRlIjo2MDAwMDAwMDAwMDAsImRlbGV0ZSI6NjAwMDAwMDAwMDAwfSwic2NoZW1hX3ZlcnNpb24iOiIxIn0="
        }
      ]
    }
  ]
}
